
Microsoft Visual Studio Solution File, Format Version 12.00
# Visual Studio Version 17
VisualStudioVersion = 17.14.35906.104 d17.14
MinimumVisualStudioVersion = 10.0.40219.1
Project("{FAE04EC0-301F-11D3-BF4B-00C04F79EFBC}") = "Custom.Sample.CustomUserManagement", "PraktiskaaAppar\Custom.Sample.CustomUserManagement.csproj", "{1295CB12-7075-4C23-BE86-A2E632BA3675}"
EndProject
Project("{FAE04EC0-301F-11D3-BF4B-00C04F79EFBC}") = "Nothwind.Blazor", "Nothwind.Blazor\Nothwind.Blazor.csproj", "{A141C7D5-B422-4746-8FF0-4CC5E5EC8141}"
EndProject
Project("{FAE04EC0-301F-11D3-BF4B-00C04F79EFBC}") = "Northwind.Mvc", "Northwind.Mvc\Northwind.Mvc.csproj", "{2584EAFE-F88F-4DC0-A02D-8246E2FA1F33}"
EndProject
Project("{FAE04EC0-301F-11D3-BF4B-00C04F79EFBC}") = "Northwind.Webb", "Northwind.Webb\Northwind.Webb.csproj", "{5E8CA798-2A7C-4F47-88FF-0A618BED864F}"
EndProject
Global
	GlobalSection(SolutionConfigurationPlatforms) = preSolution
		Debug|Any CPU = Debug|Any CPU
		Release|Any CPU = Release|Any CPU
	EndGlobalSection
	GlobalSection(ProjectConfigurationPlatforms) = postSolution
		{1295CB12-7075-4C23-BE86-A2E632BA3675}.Debug|Any CPU.ActiveCfg = Debug|Any CPU
		{1295CB12-7075-4C23-BE86-A2E632BA3675}.Debug|Any CPU.Build.0 = Debug|Any CPU
		{1295CB12-7075-4C23-BE86-A2E632BA3675}.Release|Any CPU.ActiveCfg = Release|Any CPU
		{1295CB12-7075-4C23-BE86-A2E632BA3675}.Release|Any CPU.Build.0 = Release|Any CPU
		{A141C7D5-B422-4746-8FF0-4CC5E5EC8141}.Debug|Any CPU.ActiveCfg = Debug|Any CPU
		{A141C7D5-B422-4746-8FF0-4CC5E5EC8141}.Debug|Any CPU.Build.0 = Debug|Any CPU
		{A141C7D5-B422-4746-8FF0-4CC5E5EC8141}.Release|Any CPU.ActiveCfg = Release|Any CPU
		{A141C7D5-B422-4746-8FF0-4CC5E5EC8141}.Release|Any CPU.Build.0 = Release|Any CPU
		{2584EAFE-F88F-4DC0-A02D-8246E2FA1F33}.Debug|Any CPU.ActiveCfg = Debug|Any CPU
		{2584EAFE-F88F-4DC0-A02D-8246E2FA1F33}.Debug|Any CPU.Build.0 = Debug|Any CPU
		{2584EAFE-F88F-4DC0-A02D-8246E2FA1F33}.Release|Any CPU.ActiveCfg = Release|Any CPU
		{2584EAFE-F88F-4DC0-A02D-8246E2FA1F33}.Release|Any CPU.Build.0 = Release|Any CPU
		{5E8CA798-2A7C-4F47-88FF-0A618BED864F}.Debug|Any CPU.ActiveCfg = Debug|Any CPU
		{5E8CA798-2A7C-4F47-88FF-0A618BED864F}.Debug|Any CPU.Build.0 = Debug|Any CPU
		{5E8CA798-2A7C-4F47-88FF-0A618BED864F}.Release|Any CPU.ActiveCfg = Release|Any CPU
		{5E8CA798-2A7C-4F47-88FF-0A618BED864F}.Release|Any CPU.Build.0 = Release|Any CPU
	EndGlobalSection
	GlobalSection(SolutionProperties) = preSolution
		HideSolutionNode = FALSE
	EndGlobalSection
	GlobalSection(ExtensibilityGlobals) = postSolution
		SolutionGuid = {C37CC585-5D31-4FB8-8A77-CFEFC25D2677}
	EndGlobalSection
EndGlobal
